{
  "requires": true,
  "lockfileVersion": 1,
  "dependencies": {
    "ngx-image-cropper": {
      "version": "4.0.0",
      "resolved": "https://registry.npmjs.org/ngx-image-cropper/-/ngx-image-cropper-4.0.0.tgz",
      "integrity": "sha512-6g9/4DepnOO8PTZcdH7qZSur/e+PriekjMeJFr2WGVP4/DkNxYqneVerpuwghcpjETp30ClO5iG6098mFzV++w==",
      "requires": {
        "tslib": "^1.10.0"
      }
    },
    "tslib": {
      "version": "1.14.1",
      "resolved": "https://registry.npmjs.org/tslib/-/tslib-1.14.1.tgz",
      "integrity": "sha512-Xni35NKzjgMrwevysHTCArtLDpPvye8zV/0E4EyYn43P7/7qvQwPh9BGkHewbMulVntbigmcT7rdX3BNo9wRJg=="
    }
  }
}
